
Microsoft Visual Studio Solution File, Format Version 12.00
# Visual Studio 15
VisualStudioVersion = 15.0.27004.2009
MinimumVisualStudioVersion = 10.0.40219.1
Project("{FAE04EC0-301F-11D3-BF4B-00C04F79EFBC}") = "C_Sharp_7_NewFeatures", "C_Sharp_7_NewFeatures\C_Sharp_7_NewFeatures.csproj", "{7223EAA1-D79D-4A16-BB3F-F8D773400975}"
EndProject
Project("{FAE04EC0-301F-11D3-BF4B-00C04F79EFBC}") = "C_Sharp_7_NewFeatureTests", "C_Sharp_7_NewFeatureTests\C_Sharp_7_NewFeatureTests.csproj", "{EAE5E0AC-2B33-4C6B-ABC9-5853015CE924}"
EndProject
Global
	GlobalSection(SolutionConfigurationPlatforms) = preSolution
		Debug|Any CPU = Debug|Any CPU
		Release|Any CPU = Release|Any CPU
	EndGlobalSection
	GlobalSection(ProjectConfigurationPlatforms) = postSolution
		{7223EAA1-D79D-4A16-BB3F-F8D773400975}.Debug|Any CPU.ActiveCfg = Debug|Any CPU
		{7223EAA1-D79D-4A16-BB3F-F8D773400975}.Debug|Any CPU.Build.0 = Debug|Any CPU
		{7223EAA1-D79D-4A16-BB3F-F8D773400975}.Release|Any CPU.ActiveCfg = Release|Any CPU
		{7223EAA1-D79D-4A16-BB3F-F8D773400975}.Release|Any CPU.Build.0 = Release|Any CPU
		{EAE5E0AC-2B33-4C6B-ABC9-5853015CE924}.Debug|Any CPU.ActiveCfg = Debug|Any CPU
		{EAE5E0AC-2B33-4C6B-ABC9-5853015CE924}.Debug|Any CPU.Build.0 = Debug|Any CPU
		{EAE5E0AC-2B33-4C6B-ABC9-5853015CE924}.Release|Any CPU.ActiveCfg = Release|Any CPU
		{EAE5E0AC-2B33-4C6B-ABC9-5853015CE924}.Release|Any CPU.Build.0 = Release|Any CPU
	EndGlobalSection
	GlobalSection(SolutionProperties) = preSolution
		HideSolutionNode = FALSE
	EndGlobalSection
	GlobalSection(ExtensibilityGlobals) = postSolution
		SolutionGuid = {0F94AB1D-1E71-4177-9FC6-8B1653E59258}
	EndGlobalSection
EndGlobal
